
Microsoft Visual Studio Solution File, Format Version 12.00
# Visual Studio 15
VisualStudioVersion = 15.0.26730.16
MinimumVisualStudioVersion = 10.0.40219.1
Project("{F184B08F-C81C-45F6-A57F-5ABD9991F28F}") = "Laravel_Assistant", "laravel_helper\Laravel_Assistant.vbproj", "{42A40CC8-D799-40D1-8F2A-CB64E8E0EFF9}"
EndProject
Global
	GlobalSection(SolutionConfigurationPlatforms) = preSolution
		Debug|Any CPU = Debug|Any CPU
		Release|Any CPU = Release|Any CPU
	EndGlobalSection
	GlobalSection(ProjectConfigurationPlatforms) = postSolution
		{42A40CC8-D799-40D1-8F2A-CB64E8E0EFF9}.Debug|Any CPU.ActiveCfg = Debug|Any CPU
		{42A40CC8-D799-40D1-8F2A-CB64E8E0EFF9}.Debug|Any CPU.Build.0 = Debug|Any CPU
		{42A40CC8-D799-40D1-8F2A-CB64E8E0EFF9}.Release|Any CPU.ActiveCfg = Release|Any CPU
		{42A40CC8-D799-40D1-8F2A-CB64E8E0EFF9}.Release|Any CPU.Build.0 = Release|Any CPU
	EndGlobalSection
	GlobalSection(SolutionProperties) = preSolution
		HideSolutionNode = FALSE
	EndGlobalSection
	GlobalSection(ExtensibilityGlobals) = postSolution
		SolutionGuid = {20B4F002-BA87-4476-805C-B2325686BFD7}
	EndGlobalSection
EndGlobal
